// !$*UTF8*$!
{
	archiveVersion = 1;
	classes = {
	};
	objectVersion = 77;
	objects = {

/* Begin PBXBuildFile section */
		CE7BDF582DB3C2E200BCB9D6 /* Kingfisher in Frameworks */ = {isa = PBXBuildFile; productRef = CE7BDF572DB3C2E200BCB9D6 /* Kingfisher */; };
		CEBF1A362D9796B900AF1B94 /* ReactorKit in Frameworks */ = {isa = PBXBuildFile; productRef = CEBF1A352D9796B900AF1B94 /* ReactorKit */; };
		CEBF1A3E2D97970000AF1B94 /* RxCocoa in Frameworks */ = {isa = PBXBuildFile; productRef = CEBF1A3D2D97970000AF1B94 /* RxCocoa */; };
		CEBF1A402D97970000AF1B94 /* RxRelay in Frameworks */ = {isa = PBXBuildFile; productRef = CEBF1A3F2D97970000AF1B94 /* RxRelay */; };
		CEBF1A422D97970000AF1B94 /* RxSwift in Frameworks */ = {isa = PBXBuildFile; productRef = CEBF1A412D97970000AF1B94 /* RxSwift */; };
		CEBF1AC02D9845F600AF1B94 /* KeychainAccess in Frameworks */ = {isa = PBXBuildFile; productRef = CEBF1ABF2D9845F600AF1B94 /* KeychainAccess */; };
		CED2AA982DC5A6AE008CCDC6 /* Differentiator in Frameworks */ = {isa = PBXBuildFile; productRef = CED2AA972DC5A6AE008CCDC6 /* Differentiator */; };
		CED2AA9A2DC5A6AE008CCDC6 /* RxDataSources in Frameworks */ = {isa = PBXBuildFile; productRef = CED2AA992DC5A6AE008CCDC6 /* RxDataSources */; };
/* End PBXBuildFile section */

/* Begin PBXFileReference section */
		CE797EFE2D91A3EB00EEA5B1 /* Packing.app */ = {isa = PBXFileReference; explicitFileType = wrapper.application; includeInIndex = 0; path = Packing.app; sourceTree = BUILT_PRODUCTS_DIR; };
/* End PBXFileReference section */

/* Begin PBXFileSystemSynchronizedBuildFileExceptionSet section */
		CE797F102D91A3ED00EEA5B1 /* Exceptions for "Packing" folder in "Packing" target */ = {
			isa = PBXFileSystemSynchronizedBuildFileExceptionSet;
			membershipExceptions = (
				Info.plist,
			);
			target = CE797EFD2D91A3EB00EEA5B1 /* Packing */;
		};
/* End PBXFileSystemSynchronizedBuildFileExceptionSet section */

/* Begin PBXFileSystemSynchronizedRootGroup section */
		CE797F002D91A3EB00EEA5B1 /* Packing */ = {
			isa = PBXFileSystemSynchronizedRootGroup;
			exceptions = (
				CE797F102D91A3ED00EEA5B1 /* Exceptions for "Packing" folder in "Packing" target */,
			);
			path = Packing;
			sourceTree = "<group>";
		};
/* End PBXFileSystemSynchronizedRootGroup section */

/* Begin PBXFrameworksBuildPhase section */
		CE797EFB2D91A3EB00EEA5B1 /* Frameworks */ = {
			isa = PBXFrameworksBuildPhase;
			buildActionMask = 2147483647;
			files = (
				CEBF1A422D97970000AF1B94 /* RxSwift in Frameworks */,
				CEBF1A402D97970000AF1B94 /* RxRelay in Frameworks */,
				CED2AA9A2DC5A6AE008CCDC6 /* RxDataSources in Frameworks */,
				CE7BDF582DB3C2E200BCB9D6 /* Kingfisher in Frameworks */,
				CEBF1AC02D9845F600AF1B94 /* KeychainAccess in Frameworks */,
				CEBF1A362D9796B900AF1B94 /* ReactorKit in Frameworks */,
				CED2AA982DC5A6AE008CCDC6 /* Differentiator in Frameworks */,
				CEBF1A3E2D97970000AF1B94 /* RxCocoa in Frameworks */,
			);
			runOnlyForDeploymentPostprocessing = 0;
		};
/* End PBXFrameworksBuildPhase section */

/* Begin PBXGroup section */
		CE797EF52D91A3EB00EEA5B1 = {
			isa = PBXGroup;
			children = (
				CE797F002D91A3EB00EEA5B1 /* Packing */,
				CE797EFF2D91A3EB00EEA5B1 /* Products */,
			);
			sourceTree = "<group>";
		};
		CE797EFF2D91A3EB00EEA5B1 /* Products */ = {
			isa = PBXGroup;
			children = (
				CE797EFE2D91A3EB00EEA5B1 /* Packing.app */,
			);
			name = Products;
			sourceTree = "<group>";
		};
/* End PBXGroup section */

/* Begin PBXNativeTarget section */
		CE797EFD2D91A3EB00EEA5B1 /* Packing */ = {
			isa = PBXNativeTarget;
			buildConfigurationList = CE797F112D91A3ED00EEA5B1 /* Build configuration list for PBXNativeTarget "Packing" */;
			buildPhases = (
				CE797EFA2D91A3EB00EEA5B1 /* Sources */,
				CE797EFB2D91A3EB00EEA5B1 /* Frameworks */,
				CE797EFC2D91A3EB00EEA5B1 /* Resources */,
			);
			buildRules = (
			);
			dependencies = (
			);
			fileSystemSynchronizedGroups = (
				CE797F002D91A3EB00EEA5B1 /* Packing */,
			);
			name = Packing;
			packageProductDependencies = (
				CEBF1A352D9796B900AF1B94 /* ReactorKit */,
				CEBF1A3D2D97970000AF1B94 /* RxCocoa */,
				CEBF1A3F2D97970000AF1B94 /* RxRelay */,
				CEBF1A412D97970000AF1B94 /* RxSwift */,
				CEBF1ABF2D9845F600AF1B94 /* KeychainAccess */,
				CE7BDF572DB3C2E200BCB9D6 /* Kingfisher */,
				CED2AA972DC5A6AE008CCDC6 /* Differentiator */,
				CED2AA992DC5A6AE008CCDC6 /* RxDataSources */,
			);
			productName = Packing;
			productReference = CE797EFE2D91A3EB00EEA5B1 /* Packing.app */;
			productType = "com.apple.product-type.application";
		};
/* End PBXNativeTarget section */

/* Begin PBXProject section */
		CE797EF62D91A3EB00EEA5B1 /* Project object */ = {
			isa = PBXProject;
			attributes = {
				BuildIndependentTargetsInParallel = 1;
				LastSwiftUpdateCheck = 1620;
				LastUpgradeCheck = 1620;
				TargetAttributes = {
					CE797EFD2D91A3EB00EEA5B1 = {
						CreatedOnToolsVersion = 16.2;
					};
				};
			};
			buildConfigurationList = CE797EF92D91A3EB00EEA5B1 /* Build configuration list for PBXProject "Packing" */;
			developmentRegion = en;
			hasScannedForEncodings = 0;
			knownRegions = (
				en,
				Base,
			);
			mainGroup = CE797EF52D91A3EB00EEA5B1;
			minimizedProjectReferenceProxies = 1;
			packageReferences = (
				CEBF1A342D9796B900AF1B94 /* XCRemoteSwiftPackageReference "ReactorKit" */,
				CEBF1A3C2D97970000AF1B94 /* XCRemoteSwiftPackageReference "RxSwift" */,
				CEBF1ABE2D9845F600AF1B94 /* XCRemoteSwiftPackageReference "KeychainAccess" */,
				CE7BDF562DB3C2E200BCB9D6 /* XCRemoteSwiftPackageReference "Kingfisher" */,
				CED2AA962DC5A6AE008CCDC6 /* XCRemoteSwiftPackageReference "RxDataSources" */,
			);
			preferredProjectObjectVersion = 77;
			productRefGroup = CE797EFF2D91A3EB00EEA5B1 /* Products */;
			projectDirPath = "";
			projectRoot = "";
			targets = (
				CE797EFD2D91A3EB00EEA5B1 /* Packing */,
			);
		};
/* End PBXProject section */

/* Begin PBXResourcesBuildPhase section */
		CE797EFC2D91A3EB00EEA5B1 /* Resources */ = {
			isa = PBXResourcesBuildPhase;
			buildActionMask = 2147483647;
			files = (
			);
			runOnlyForDeploymentPostprocessing = 0;
		};
/* End PBXResourcesBuildPhase section */

/* Begin PBXSourcesBuildPhase section */
		CE797EFA2D91A3EB00EEA5B1 /* Sources */ = {
			isa = PBXSourcesBuildPhase;
			buildActionMask = 2147483647;
			files = (
			);
			runOnlyForDeploymentPostprocessing = 0;
		};
/* End PBXSourcesBuildPhase section */

/* Begin XCBuildConfiguration section */
		CE797F122D91A3ED00EEA5B1 /* Debug */ = {
			isa = XCBuildConfiguration;
			buildSettings = {
				ASSETCATALOG_COMPILER_APPICON_NAME = AppIcon;
				ASSETCATALOG_COMPILER_GLOBAL_ACCENT_COLOR_NAME = AccentColor;
				CODE_SIGN_ENTITLEMENTS = Packing/Packing.entitlements;
				"CODE_SIGN_IDENTITY[sdk=iphoneos*]" = "iPhone Developer";
				CODE_SIGN_STYLE = Manual;
				CURRENT_PROJECT_VERSION = 2;
				DEVELOPMENT_TEAM = "";
				"DEVELOPMENT_TEAM[sdk=iphoneos*]" = 285ZKW5MPR;
				GENERATE_INFOPLIST_FILE = YES;
				INFOPLIST_FILE = Packing/Info.plist;
				INFOPLIST_KEY_CFBundleDisplayName = "패킹";
				INFOPLIST_KEY_LSApplicationCategoryType = "public.app-category.travel";
				INFOPLIST_KEY_NSPhotoLibraryUsageDescription = "프로필 사진을 선택하기 위해 사진 라이브러리 접근 권한이 필요합니다.";
				INFOPLIST_KEY_UIApplicationSupportsIndirectInputEvents = YES;
				INFOPLIST_KEY_UILaunchStoryboardName = LaunchScreen;
				INFOPLIST_KEY_UISupportedInterfaceOrientations_iPad = "UIInterfaceOrientationPortrait UIInterfaceOrientationPortraitUpsideDown UIInterfaceOrientationLandscapeLeft UIInterfaceOrientationLandscapeRight";
				INFOPLIST_KEY_UISupportedInterfaceOrientations_iPhone = "UIInterfaceOrientationPortrait UIInterfaceOrientationLandscapeLeft UIInterfaceOrientationLandscapeRight";
				INFOPLIST_KEY_UIUserInterfaceStyle = Light;
				IPHONEOS_DEPLOYMENT_TARGET = 17.6;
				LD_RUNPATH_SEARCH_PATHS = (
					"$(inherited)",
					"@executable_path/Frameworks",
				);
				MARKETING_VERSION = 1.1;
				PRODUCT_BUNDLE_IDENTIFIER = me.iyungui.Packing;
				PRODUCT_NAME = "$(TARGET_NAME)";
				PROVISIONING_PROFILE_SPECIFIER = "";
				"PROVISIONING_PROFILE_SPECIFIER[sdk=iphoneos*]" = "packing-dev";
				SUPPORTED_PLATFORMS = "iphoneos iphonesimulator";
				SUPPORTS_MACCATALYST = NO;
				SUPPORTS_MAC_DESIGNED_FOR_IPHONE_IPAD = NO;
				SUPPORTS_XR_DESIGNED_FOR_IPHONE_IPAD = NO;
				SWIFT_EMIT_LOC_STRINGS = YES;
				SWIFT_VERSION = 5.0;
				TARGETED_DEVICE_FAMILY = "1,2";
			};
			name = Debug;
		};
		CE797F132D91A3ED00EEA5B1 /* Release */ = {
			isa = XCBuildConfiguration;
			buildSettings = {
				ASSETCATALOG_COMPILER_APPICON_NAME = AppIcon;
				ASSETCATALOG_COMPILER_GLOBAL_ACCENT_COLOR_NAME = AccentColor;
				CODE_SIGN_ENTITLEMENTS = Packing/Packing.entitlements;
				"CODE_SIGN_IDENTITY[sdk=iphoneos*]" = "iPhone Distribution";
				CODE_SIGN_STYLE = Manual;
				CURRENT_PROJECT_VERSION = 2;
				DEVELOPMENT_TEAM = "";
				"DEVELOPMENT_TEAM[sdk=iphoneos*]" = 285ZKW5MPR;
				GENERATE_INFOPLIST_FILE = YES;
				INFOPLIST_FILE = Packing/Info.plist;
				INFOPLIST_KEY_CFBundleDisplayName = "패킹";
				INFOPLIST_KEY_LSApplicationCategoryType = "public.app-category.travel";
				INFOPLIST_KEY_NSPhotoLibraryUsageDescription = "프로필 사진을 선택하기 위해 사진 라이브러리 접근 권한이 필요합니다.";
				INFOPLIST_KEY_UIApplicationSupportsIndirectInputEvents = YES;
				INFOPLIST_KEY_UILaunchStoryboardName = LaunchScreen;
				INFOPLIST_KEY_UISupportedInterfaceOrientations_iPad = "UIInterfaceOrientationPortrait UIInterfaceOrientationPortraitUpsideDown UIInterfaceOrientationLandscapeLeft UIInterfaceOrientationLandscapeRight";
				INFOPLIST_KEY_UISupportedInterfaceOrientations_iPhone = "UIInterfaceOrientationPortrait UIInterfaceOrientationLandscapeLeft UIInterfaceOrientationLandscapeRight";
				INFOPLIST_KEY_UIUserInterfaceStyle = Light;
				IPHONEOS_DEPLOYMENT_TARGET = 17.6;
				LD_RUNPATH_SEARCH_PATHS = (
					"$(inherited)",
					"@executable_path/Frameworks",
				);
				MARKETING_VERSION = 1.1;
				PRODUCT_BUNDLE_IDENTIFIER = me.iyungui.Packing;
				PRODUCT_NAME = "$(TARGET_NAME)";
				PROVISIONING_PROFILE_SPECIFIER = "";
				"PROVISIONING_PROFILE_SPECIFIER[sdk=iphoneos*]" = "packing-adhoc";
				SUPPORTED_PLATFORMS = "iphoneos iphonesimulator";
				SUPPORTS_MACCATALYST = NO;
				SUPPORTS_MAC_DESIGNED_FOR_IPHONE_IPAD = NO;
				SUPPORTS_XR_DESIGNED_FOR_IPHONE_IPAD = NO;
				SWIFT_EMIT_LOC_STRINGS = YES;
				SWIFT_VERSION = 5.0;
				TARGETED_DEVICE_FAMILY = "1,2";
			};
			name = Release;
		};
		CE797F142D91A3ED00EEA5B1 /* Debug */ = {
			isa = XCBuildConfiguration;
			buildSettings = {
				ALWAYS_SEARCH_USER_PATHS = NO;
				ASSETCATALOG_COMPILER_GENERATE_SWIFT_ASSET_SYMBOL_EXTENSIONS = YES;
				CLANG_ANALYZER_NONNULL = YES;
				CLANG_ANALYZER_NUMBER_OBJECT_CONVERSION = YES_AGGRESSIVE;
				CLANG_CXX_LANGUAGE_STANDARD = "gnu++20";
				CLANG_ENABLE_MODULES = YES;
				CLANG_ENABLE_OBJC_ARC = YES;
				CLANG_ENABLE_OBJC_WEAK = YES;
				CLANG_WARN_BLOCK_CAPTURE_AUTORELEASING = YES;
				CLANG_WARN_BOOL_CONVERSION = YES;
				CLANG_WARN_COMMA = YES;
				CLANG_WARN_CONSTANT_CONVERSION = YES;
				CLANG_WARN_DEPRECATED_OBJC_IMPLEMENTATIONS = YES;
				CLANG_WARN_DIRECT_OBJC_ISA_USAGE = YES_ERROR;
				CLANG_WARN_DOCUMENTATION_COMMENTS = YES;
				CLANG_WARN_EMPTY_BODY = YES;
				CLANG_WARN_ENUM_CONVERSION = YES;
				CLANG_WARN_INFINITE_RECURSION = YES;
				CLANG_WARN_INT_CONVERSION = YES;
				CLANG_WARN_NON_LITERAL_NULL_CONVERSION = YES;
				CLANG_WARN_OBJC_IMPLICIT_RETAIN_SELF = YES;
				CLANG_WARN_OBJC_LITERAL_CONVERSION = YES;
				CLANG_WARN_OBJC_ROOT_CLASS = YES_ERROR;
				CLANG_WARN_QUOTED_INCLUDE_IN_FRAMEWORK_HEADER = YES;
				CLANG_WARN_RANGE_LOOP_ANALYSIS = YES;
				CLANG_WARN_STRICT_PROTOTYPES = YES;
				CLANG_WARN_SUSPICIOUS_MOVE = YES;
				CLANG_WARN_UNGUARDED_AVAILABILITY = YES_AGGRESSIVE;
				CLANG_WARN_UNREACHABLE_CODE = YES;
				CLANG_WARN__DUPLICATE_METHOD_MATCH = YES;
				COPY_PHASE_STRIP = NO;
				DEBUG_INFORMATION_FORMAT = dwarf;
				ENABLE_STRICT_OBJC_MSGSEND = YES;
				ENABLE_TESTABILITY = YES;
				ENABLE_USER_SCRIPT_SANDBOXING = YES;
				GCC_C_LANGUAGE_STANDARD = gnu17;
				GCC_DYNAMIC_NO_PIC = NO;
				GCC_NO_COMMON_BLOCKS = YES;
				GCC_OPTIMIZATION_LEVEL = 0;
				GCC_PREPROCESSOR_DEFINITIONS = (
					"DEBUG=1",
					"$(inherited)",
				);
				GCC_WARN_64_TO_32_BIT_CONVERSION = YES;
				GCC_WARN_ABOUT_RETURN_TYPE = YES_ERROR;
				GCC_WARN_UNDECLARED_SELECTOR = YES;
				GCC_WARN_UNINITIALIZED_AUTOS = YES_AGGRESSIVE;
				GCC_WARN_UNUSED_FUNCTION = YES;
				GCC_WARN_UNUSED_VARIABLE = YES;
				IPHONEOS_DEPLOYMENT_TARGET = 18.2;
				LOCALIZATION_PREFERS_STRING_CATALOGS = YES;
				MTL_ENABLE_DEBUG_INFO = INCLUDE_SOURCE;
				MTL_FAST_MATH = YES;
				ONLY_ACTIVE_ARCH = YES;
				SDKROOT = iphoneos;
				SWIFT_ACTIVE_COMPILATION_CONDITIONS = "DEBUG $(inherited)";
				SWIFT_OPTIMIZATION_LEVEL = "-Onone";
			};
			name = Debug;
		};
		CE797F152D91A3ED00EEA5B1 /* Release */ = {
			isa = XCBuildConfiguration;
			buildSettings = {
				ALWAYS_SEARCH_USER_PATHS = NO;
				ASSETCATALOG_COMPILER_GENERATE_SWIFT_ASSET_SYMBOL_EXTENSIONS = YES;
				CLANG_ANALYZER_NONNULL = YES;
				CLANG_ANALYZER_NUMBER_OBJECT_CONVERSION = YES_AGGRESSIVE;
				CLANG_CXX_LANGUAGE_STANDARD = "gnu++20";
				CLANG_ENABLE_MODULES = YES;
				CLANG_ENABLE_OBJC_ARC = YES;
				CLANG_ENABLE_OBJC_WEAK = YES;
				CLANG_WARN_BLOCK_CAPTURE_AUTORELEASING = YES;
				CLANG_WARN_BOOL_CONVERSION = YES;
				CLANG_WARN_COMMA = YES;
				CLANG_WARN_CONSTANT_CONVERSION = YES;
				CLANG_WARN_DEPRECATED_OBJC_IMPLEMENTATIONS = YES;
				CLANG_WARN_DIRECT_OBJC_ISA_USAGE = YES_ERROR;
				CLANG_WARN_DOCUMENTATION_COMMENTS = YES;
				CLANG_WARN_EMPTY_BODY = YES;
				CLANG_WARN_ENUM_CONVERSION = YES;
				CLANG_WARN_INFINITE_RECURSION = YES;
				CLANG_WARN_INT_CONVERSION = YES;
				CLANG_WARN_NON_LITERAL_NULL_CONVERSION = YES;
				CLANG_WARN_OBJC_IMPLICIT_RETAIN_SELF = YES;
				CLANG_WARN_OBJC_LITERAL_CONVERSION = YES;
				CLANG_WARN_OBJC_ROOT_CLASS = YES_ERROR;
				CLANG_WARN_QUOTED_INCLUDE_IN_FRAMEWORK_HEADER = YES;
				CLANG_WARN_RANGE_LOOP_ANALYSIS = YES;
				CLANG_WARN_STRICT_PROTOTYPES = YES;
				CLANG_WARN_SUSPICIOUS_MOVE = YES;
				CLANG_WARN_UNGUARDED_AVAILABILITY = YES_AGGRESSIVE;
				CLANG_WARN_UNREACHABLE_CODE = YES;
				CLANG_WARN__DUPLICATE_METHOD_MATCH = YES;
				COPY_PHASE_STRIP = NO;
				DEBUG_INFORMATION_FORMAT = "dwarf-with-dsym";
				ENABLE_NS_ASSERTIONS = NO;
				ENABLE_STRICT_OBJC_MSGSEND = YES;
				ENABLE_USER_SCRIPT_SANDBOXING = YES;
				GCC_C_LANGUAGE_STANDARD = gnu17;
				GCC_NO_COMMON_BLOCKS = YES;
				GCC_WARN_64_TO_32_BIT_CONVERSION = YES;
				GCC_WARN_ABOUT_RETURN_TYPE = YES_ERROR;
				GCC_WARN_UNDECLARED_SELECTOR = YES;
				GCC_WARN_UNINITIALIZED_AUTOS = YES_AGGRESSIVE;
				GCC_WARN_UNUSED_FUNCTION = YES;
				GCC_WARN_UNUSED_VARIABLE = YES;
				IPHONEOS_DEPLOYMENT_TARGET = 18.2;
				LOCALIZATION_PREFERS_STRING_CATALOGS = YES;
				MTL_ENABLE_DEBUG_INFO = NO;
				MTL_FAST_MATH = YES;
				SDKROOT = iphoneos;
				SWIFT_COMPILATION_MODE = wholemodule;
				VALIDATE_PRODUCT = YES;
			};
			name = Release;
		};
/* End XCBuildConfiguration section */

/* Begin XCConfigurationList section */
		CE797EF92D91A3EB00EEA5B1 /* Build configuration list for PBXProject "Packing" */ = {
			isa = XCConfigurationList;
			buildConfigurations = (
				CE797F142D91A3ED00EEA5B1 /* Debug */,
				CE797F152D91A3ED00EEA5B1 /* Release */,
			);
			defaultConfigurationIsVisible = 0;
			defaultConfigurationName = Release;
		};
		CE797F112D91A3ED00EEA5B1 /* Build configuration list for PBXNativeTarget "Packing" */ = {
			isa = XCConfigurationList;
			buildConfigurations = (
				CE797F122D91A3ED00EEA5B1 /* Debug */,
				CE797F132D91A3ED00EEA5B1 /* Release */,
			);
			defaultConfigurationIsVisible = 0;
			defaultConfigurationName = Release;
		};
/* End XCConfigurationList section */

/* Begin XCRemoteSwiftPackageReference section */
		CE7BDF562DB3C2E200BCB9D6 /* XCRemoteSwiftPackageReference "Kingfisher" */ = {
			isa = XCRemoteSwiftPackageReference;
			repositoryURL = "https://github.com/onevcat/Kingfisher.git";
			requirement = {
				kind = upToNextMajorVersion;
				minimumVersion = 8.3.2;
			};
		};
		CEBF1A342D9796B900AF1B94 /* XCRemoteSwiftPackageReference "ReactorKit" */ = {
			isa = XCRemoteSwiftPackageReference;
			repositoryURL = "https://github.com/ReactorKit/ReactorKit.git";
			requirement = {
				kind = upToNextMajorVersion;
				minimumVersion = 3.2.0;
			};
		};
		CEBF1A3C2D97970000AF1B94 /* XCRemoteSwiftPackageReference "RxSwift" */ = {
			isa = XCRemoteSwiftPackageReference;
			repositoryURL = "https://github.com/ReactiveX/RxSwift.git";
			requirement = {
				kind = upToNextMajorVersion;
				minimumVersion = 6.9.0;
			};
		};
		CEBF1ABE2D9845F600AF1B94 /* XCRemoteSwiftPackageReference "KeychainAccess" */ = {
			isa = XCRemoteSwiftPackageReference;
			repositoryURL = "https://github.com/kishikawakatsumi/KeychainAccess.git";
			requirement = {
				branch = master;
				kind = branch;
			};
		};
		CED2AA962DC5A6AE008CCDC6 /* XCRemoteSwiftPackageReference "RxDataSources" */ = {
			isa = XCRemoteSwiftPackageReference;
			repositoryURL = "https://github.com/RxSwiftCommunity/RxDataSources.git";
			requirement = {
				kind = upToNextMajorVersion;
				minimumVersion = 5.0.2;
			};
		};
/* End XCRemoteSwiftPackageReference section */

/* Begin XCSwiftPackageProductDependency section */
		CE7BDF572DB3C2E200BCB9D6 /* Kingfisher */ = {
			isa = XCSwiftPackageProductDependency;
			package = CE7BDF562DB3C2E200BCB9D6 /* XCRemoteSwiftPackageReference "Kingfisher" */;
			productName = Kingfisher;
		};
		CEBF1A352D9796B900AF1B94 /* ReactorKit */ = {
			isa = XCSwiftPackageProductDependency;
			package = CEBF1A342D9796B900AF1B94 /* XCRemoteSwiftPackageReference "ReactorKit" */;
			productName = ReactorKit;
		};
		CEBF1A3D2D97970000AF1B94 /* RxCocoa */ = {
			isa = XCSwiftPackageProductDependency;
			package = CEBF1A3C2D97970000AF1B94 /* XCRemoteSwiftPackageReference "RxSwift" */;
			productName = RxCocoa;
		};
		CEBF1A3F2D97970000AF1B94 /* RxRelay */ = {
			isa = XCSwiftPackageProductDependency;
			package = CEBF1A3C2D97970000AF1B94 /* XCRemoteSwiftPackageReference "RxSwift" */;
			productName = RxRelay;
		};
		CEBF1A412D97970000AF1B94 /* RxSwift */ = {
			isa = XCSwiftPackageProductDependency;
			package = CEBF1A3C2D97970000AF1B94 /* XCRemoteSwiftPackageReference "RxSwift" */;
			productName = RxSwift;
		};
		CEBF1ABF2D9845F600AF1B94 /* KeychainAccess */ = {
			isa = XCSwiftPackageProductDependency;
			package = CEBF1ABE2D9845F600AF1B94 /* XCRemoteSwiftPackageReference "KeychainAccess" */;
			productName = KeychainAccess;
		};
		CED2AA972DC5A6AE008CCDC6 /* Differentiator */ = {
			isa = XCSwiftPackageProductDependency;
			package = CED2AA962DC5A6AE008CCDC6 /* XCRemoteSwiftPackageReference "RxDataSources" */;
			productName = Differentiator;
		};
		CED2AA992DC5A6AE008CCDC6 /* RxDataSources */ = {
			isa = XCSwiftPackageProductDependency;
			package = CED2AA962DC5A6AE008CCDC6 /* XCRemoteSwiftPackageReference "RxDataSources" */;
			productName = RxDataSources;
		};
/* End XCSwiftPackageProductDependency section */
	};
	rootObject = CE797EF62D91A3EB00EEA5B1 /* Project object */;
}
